
Microsoft Visual Studio Solution File, Format Version 12.00
# Visual Studio 15
VisualStudioVersion = 15.0.28010.2036
MinimumVisualStudioVersion = 10.0.40219.1
Project("{FAE04EC0-301F-11D3-BF4B-00C04F79EFBC}") = "ChicagoBullsAnnualReport", "ChicagoBullsAnnualReport\ChicagoBullsAnnualReport.csproj", "{2916F413-EDD2-402F-A8A3-0DC7F5902AA9}"
EndProject
Project("{FAE04EC0-301F-11D3-BF4B-00C04F79EFBC}") = "ChicagoBullsAnnualReport.Tests", "ChicagoBullsAnnualReport.Tests\ChicagoBullsAnnualReport.Tests.csproj", "{E3714AC7-9192-467A-98D3-C388994391A2}"
EndProject
Project("{FAE04EC0-301F-11D3-BF4B-00C04F79EFBC}") = "ChicagoBullsAnnualReport.Core", "ChicagoBullsAnnualReport.Core\ChicagoBullsAnnualReport.Core.csproj", "{16A6505C-0F01-4C09-9A34-2EDCCF916B89}"
EndProject
Project("{FAE04EC0-301F-11D3-BF4B-00C04F79EFBC}") = "ChicagoBullsAnnualReport.Domain", "ChicagoBullsAnnualReport.Domain\ChicagoBullsAnnualReport.Domain.csproj", "{937B39BC-CD0E-4A81-BDC6-6FE37553C47A}"
EndProject
Global
	GlobalSection(SolutionConfigurationPlatforms) = preSolution
		Debug|Any CPU = Debug|Any CPU
		Release|Any CPU = Release|Any CPU
	EndGlobalSection
	GlobalSection(ProjectConfigurationPlatforms) = postSolution
		{2916F413-EDD2-402F-A8A3-0DC7F5902AA9}.Debug|Any CPU.ActiveCfg = Debug|Any CPU
		{2916F413-EDD2-402F-A8A3-0DC7F5902AA9}.Debug|Any CPU.Build.0 = Debug|Any CPU
		{2916F413-EDD2-402F-A8A3-0DC7F5902AA9}.Release|Any CPU.ActiveCfg = Release|Any CPU
		{2916F413-EDD2-402F-A8A3-0DC7F5902AA9}.Release|Any CPU.Build.0 = Release|Any CPU
		{E3714AC7-9192-467A-98D3-C388994391A2}.Debug|Any CPU.ActiveCfg = Debug|Any CPU
		{E3714AC7-9192-467A-98D3-C388994391A2}.Debug|Any CPU.Build.0 = Debug|Any CPU
		{E3714AC7-9192-467A-98D3-C388994391A2}.Release|Any CPU.ActiveCfg = Release|Any CPU
		{E3714AC7-9192-467A-98D3-C388994391A2}.Release|Any CPU.Build.0 = Release|Any CPU
		{16A6505C-0F01-4C09-9A34-2EDCCF916B89}.Debug|Any CPU.ActiveCfg = Debug|Any CPU
		{16A6505C-0F01-4C09-9A34-2EDCCF916B89}.Debug|Any CPU.Build.0 = Debug|Any CPU
		{16A6505C-0F01-4C09-9A34-2EDCCF916B89}.Release|Any CPU.ActiveCfg = Release|Any CPU
		{16A6505C-0F01-4C09-9A34-2EDCCF916B89}.Release|Any CPU.Build.0 = Release|Any CPU
		{937B39BC-CD0E-4A81-BDC6-6FE37553C47A}.Debug|Any CPU.ActiveCfg = Debug|Any CPU
		{937B39BC-CD0E-4A81-BDC6-6FE37553C47A}.Debug|Any CPU.Build.0 = Debug|Any CPU
		{937B39BC-CD0E-4A81-BDC6-6FE37553C47A}.Release|Any CPU.ActiveCfg = Release|Any CPU
		{937B39BC-CD0E-4A81-BDC6-6FE37553C47A}.Release|Any CPU.Build.0 = Release|Any CPU
	EndGlobalSection
	GlobalSection(SolutionProperties) = preSolution
		HideSolutionNode = FALSE
	EndGlobalSection
	GlobalSection(ExtensibilityGlobals) = postSolution
		SolutionGuid = {C0171063-F9DA-4240-A45F-92A134EF9C59}
	EndGlobalSection
EndGlobal
